
Microsoft Visual Studio Solution File, Format Version 12.00
# Visual Studio 15
VisualStudioVersion = 15.0.26124.0
MinimumVisualStudioVersion = 15.0.26124.0
Project("{FAE04EC0-301F-11D3-BF4B-00C04F79EFBC}") = "Agree.Athens.Application", "Agree.Athens.Application\Agree.Athens.Application.csproj", "{524CC04E-11D5-42E0-AE70-77320C2E6241}"
EndProject
Project("{FAE04EC0-301F-11D3-BF4B-00C04F79EFBC}") = "Agree.Athens.Domain", "Agree.Athens.Domain\Agree.Athens.Domain.csproj", "{49DA4606-7DFB-4E7E-A530-02E8AA031448}"
EndProject
Project("{FAE04EC0-301F-11D3-BF4B-00C04F79EFBC}") = "Agree.Athens.Infrastructure.CrossCutting.IoC", "Agree.Athens.Infrastructure.CrossCutting.IoC\Agree.Athens.Infrastructure.CrossCutting.IoC.csproj", "{0ECA9AFE-CD2A-4AAE-A814-0F13F4EBA09B}"
EndProject
Project("{FAE04EC0-301F-11D3-BF4B-00C04F79EFBC}") = "Agree.Athens.Infrastructure.Data", "Agree.Athens.Infrastructure.Data\Agree.Athens.Infrastructure.Data.csproj", "{F73CEADA-ED6D-4584-8B8B-07B4C8F7BD55}"
EndProject
Project("{FAE04EC0-301F-11D3-BF4B-00C04F79EFBC}") = "Agree.Athens.SharedKernel", "Agree.Athens.SharedKernel\Agree.Athens.SharedKernel.csproj", "{7C273136-DA49-45BC-B75E-3390D6867941}"
EndProject
Project("{FAE04EC0-301F-11D3-BF4B-00C04F79EFBC}") = "Agree.Athens.Infrastructure", "Agree.Athens.Infrastructure\Agree.Athens.Infrastructure.csproj", "{665C539E-A603-4FAE-81F3-0C29C2931E8B}"
EndProject
Project("{FAE04EC0-301F-11D3-BF4B-00C04F79EFBC}") = "Agree.Athens.Presentation.WebApi", "Agree.Athens.Presentation.WebApi\Agree.Athens.Presentation.WebApi.csproj", "{F0358C30-B7BC-4BC4-9691-CE5AB637A44C}"
EndProject
Global
	GlobalSection(SolutionConfigurationPlatforms) = preSolution
		Debug|Any CPU = Debug|Any CPU
		Debug|x64 = Debug|x64
		Debug|x86 = Debug|x86
		Release|Any CPU = Release|Any CPU
		Release|x64 = Release|x64
		Release|x86 = Release|x86
	EndGlobalSection
	GlobalSection(SolutionProperties) = preSolution
		HideSolutionNode = FALSE
	EndGlobalSection
	GlobalSection(ProjectConfigurationPlatforms) = postSolution
		{524CC04E-11D5-42E0-AE70-77320C2E6241}.Debug|Any CPU.ActiveCfg = Debug|Any CPU
		{524CC04E-11D5-42E0-AE70-77320C2E6241}.Debug|Any CPU.Build.0 = Debug|Any CPU
		{524CC04E-11D5-42E0-AE70-77320C2E6241}.Debug|x64.ActiveCfg = Debug|Any CPU
		{524CC04E-11D5-42E0-AE70-77320C2E6241}.Debug|x64.Build.0 = Debug|Any CPU
		{524CC04E-11D5-42E0-AE70-77320C2E6241}.Debug|x86.ActiveCfg = Debug|Any CPU
		{524CC04E-11D5-42E0-AE70-77320C2E6241}.Debug|x86.Build.0 = Debug|Any CPU
		{524CC04E-11D5-42E0-AE70-77320C2E6241}.Release|Any CPU.ActiveCfg = Release|Any CPU
		{524CC04E-11D5-42E0-AE70-77320C2E6241}.Release|Any CPU.Build.0 = Release|Any CPU
		{524CC04E-11D5-42E0-AE70-77320C2E6241}.Release|x64.ActiveCfg = Release|Any CPU
		{524CC04E-11D5-42E0-AE70-77320C2E6241}.Release|x64.Build.0 = Release|Any CPU
		{524CC04E-11D5-42E0-AE70-77320C2E6241}.Release|x86.ActiveCfg = Release|Any CPU
		{524CC04E-11D5-42E0-AE70-77320C2E6241}.Release|x86.Build.0 = Release|Any CPU
		{49DA4606-7DFB-4E7E-A530-02E8AA031448}.Debug|Any CPU.ActiveCfg = Debug|Any CPU
		{49DA4606-7DFB-4E7E-A530-02E8AA031448}.Debug|Any CPU.Build.0 = Debug|Any CPU
		{49DA4606-7DFB-4E7E-A530-02E8AA031448}.Debug|x64.ActiveCfg = Debug|Any CPU
		{49DA4606-7DFB-4E7E-A530-02E8AA031448}.Debug|x64.Build.0 = Debug|Any CPU
		{49DA4606-7DFB-4E7E-A530-02E8AA031448}.Debug|x86.ActiveCfg = Debug|Any CPU
		{49DA4606-7DFB-4E7E-A530-02E8AA031448}.Debug|x86.Build.0 = Debug|Any CPU
		{49DA4606-7DFB-4E7E-A530-02E8AA031448}.Release|Any CPU.ActiveCfg = Release|Any CPU
		{49DA4606-7DFB-4E7E-A530-02E8AA031448}.Release|Any CPU.Build.0 = Release|Any CPU
		{49DA4606-7DFB-4E7E-A530-02E8AA031448}.Release|x64.ActiveCfg = Release|Any CPU
		{49DA4606-7DFB-4E7E-A530-02E8AA031448}.Release|x64.Build.0 = Release|Any CPU
		{49DA4606-7DFB-4E7E-A530-02E8AA031448}.Release|x86.ActiveCfg = Release|Any CPU
		{49DA4606-7DFB-4E7E-A530-02E8AA031448}.Release|x86.Build.0 = Release|Any CPU
		{0ECA9AFE-CD2A-4AAE-A814-0F13F4EBA09B}.Debug|Any CPU.ActiveCfg = Debug|Any CPU
		{0ECA9AFE-CD2A-4AAE-A814-0F13F4EBA09B}.Debug|Any CPU.Build.0 = Debug|Any CPU
		{0ECA9AFE-CD2A-4AAE-A814-0F13F4EBA09B}.Debug|x64.ActiveCfg = Debug|Any CPU
		{0ECA9AFE-CD2A-4AAE-A814-0F13F4EBA09B}.Debug|x64.Build.0 = Debug|Any CPU
		{0ECA9AFE-CD2A-4AAE-A814-0F13F4EBA09B}.Debug|x86.ActiveCfg = Debug|Any CPU
		{0ECA9AFE-CD2A-4AAE-A814-0F13F4EBA09B}.Debug|x86.Build.0 = Debug|Any CPU
		{0ECA9AFE-CD2A-4AAE-A814-0F13F4EBA09B}.Release|Any CPU.ActiveCfg = Release|Any CPU
		{0ECA9AFE-CD2A-4AAE-A814-0F13F4EBA09B}.Release|Any CPU.Build.0 = Release|Any CPU
		{0ECA9AFE-CD2A-4AAE-A814-0F13F4EBA09B}.Release|x64.ActiveCfg = Release|Any CPU
		{0ECA9AFE-CD2A-4AAE-A814-0F13F4EBA09B}.Release|x64.Build.0 = Release|Any CPU
		{0ECA9AFE-CD2A-4AAE-A814-0F13F4EBA09B}.Release|x86.ActiveCfg = Release|Any CPU
		{0ECA9AFE-CD2A-4AAE-A814-0F13F4EBA09B}.Release|x86.Build.0 = Release|Any CPU
		{F73CEADA-ED6D-4584-8B8B-07B4C8F7BD55}.Debug|Any CPU.ActiveCfg = Debug|Any CPU
		{F73CEADA-ED6D-4584-8B8B-07B4C8F7BD55}.Debug|Any CPU.Build.0 = Debug|Any CPU
		{F73CEADA-ED6D-4584-8B8B-07B4C8F7BD55}.Debug|x64.ActiveCfg = Debug|Any CPU
		{F73CEADA-ED6D-4584-8B8B-07B4C8F7BD55}.Debug|x64.Build.0 = Debug|Any CPU
		{F73CEADA-ED6D-4584-8B8B-07B4C8F7BD55}.Debug|x86.ActiveCfg = Debug|Any CPU
		{F73CEADA-ED6D-4584-8B8B-07B4C8F7BD55}.Debug|x86.Build.0 = Debug|Any CPU
		{F73CEADA-ED6D-4584-8B8B-07B4C8F7BD55}.Release|Any CPU.ActiveCfg = Release|Any CPU
		{F73CEADA-ED6D-4584-8B8B-07B4C8F7BD55}.Release|Any CPU.Build.0 = Release|Any CPU
		{F73CEADA-ED6D-4584-8B8B-07B4C8F7BD55}.Release|x64.ActiveCfg = Release|Any CPU
		{F73CEADA-ED6D-4584-8B8B-07B4C8F7BD55}.Release|x64.Build.0 = Release|Any CPU
		{F73CEADA-ED6D-4584-8B8B-07B4C8F7BD55}.Release|x86.ActiveCfg = Release|Any CPU
		{F73CEADA-ED6D-4584-8B8B-07B4C8F7BD55}.Release|x86.Build.0 = Release|Any CPU
		{7C273136-DA49-45BC-B75E-3390D6867941}.Debug|Any CPU.ActiveCfg = Debug|Any CPU
		{7C273136-DA49-45BC-B75E-3390D6867941}.Debug|Any CPU.Build.0 = Debug|Any CPU
		{7C273136-DA49-45BC-B75E-3390D6867941}.Debug|x64.ActiveCfg = Debug|Any CPU
		{7C273136-DA49-45BC-B75E-3390D6867941}.Debug|x64.Build.0 = Debug|Any CPU
		{7C273136-DA49-45BC-B75E-3390D6867941}.Debug|x86.ActiveCfg = Debug|Any CPU
		{7C273136-DA49-45BC-B75E-3390D6867941}.Debug|x86.Build.0 = Debug|Any CPU
		{7C273136-DA49-45BC-B75E-3390D6867941}.Release|Any CPU.ActiveCfg = Release|Any CPU
		{7C273136-DA49-45BC-B75E-3390D6867941}.Release|Any CPU.Build.0 = Release|Any CPU
		{7C273136-DA49-45BC-B75E-3390D6867941}.Release|x64.ActiveCfg = Release|Any CPU
		{7C273136-DA49-45BC-B75E-3390D6867941}.Release|x64.Build.0 = Release|Any CPU
		{7C273136-DA49-45BC-B75E-3390D6867941}.Release|x86.ActiveCfg = Release|Any CPU
		{7C273136-DA49-45BC-B75E-3390D6867941}.Release|x86.Build.0 = Release|Any CPU
		{665C539E-A603-4FAE-81F3-0C29C2931E8B}.Debug|Any CPU.ActiveCfg = Debug|Any CPU
		{665C539E-A603-4FAE-81F3-0C29C2931E8B}.Debug|Any CPU.Build.0 = Debug|Any CPU
		{665C539E-A603-4FAE-81F3-0C29C2931E8B}.Debug|x64.ActiveCfg = Debug|Any CPU
		{665C539E-A603-4FAE-81F3-0C29C2931E8B}.Debug|x64.Build.0 = Debug|Any CPU
		{665C539E-A603-4FAE-81F3-0C29C2931E8B}.Debug|x86.ActiveCfg = Debug|Any CPU
		{665C539E-A603-4FAE-81F3-0C29C2931E8B}.Debug|x86.Build.0 = Debug|Any CPU
		{665C539E-A603-4FAE-81F3-0C29C2931E8B}.Release|Any CPU.ActiveCfg = Release|Any CPU
		{665C539E-A603-4FAE-81F3-0C29C2931E8B}.Release|Any CPU.Build.0 = Release|Any CPU
		{665C539E-A603-4FAE-81F3-0C29C2931E8B}.Release|x64.ActiveCfg = Release|Any CPU
		{665C539E-A603-4FAE-81F3-0C29C2931E8B}.Release|x64.Build.0 = Release|Any CPU
		{665C539E-A603-4FAE-81F3-0C29C2931E8B}.Release|x86.ActiveCfg = Release|Any CPU
		{665C539E-A603-4FAE-81F3-0C29C2931E8B}.Release|x86.Build.0 = Release|Any CPU
		{F0358C30-B7BC-4BC4-9691-CE5AB637A44C}.Debug|Any CPU.ActiveCfg = Debug|Any CPU
		{F0358C30-B7BC-4BC4-9691-CE5AB637A44C}.Debug|Any CPU.Build.0 = Debug|Any CPU
		{F0358C30-B7BC-4BC4-9691-CE5AB637A44C}.Debug|x64.ActiveCfg = Debug|Any CPU
		{F0358C30-B7BC-4BC4-9691-CE5AB637A44C}.Debug|x64.Build.0 = Debug|Any CPU
		{F0358C30-B7BC-4BC4-9691-CE5AB637A44C}.Debug|x86.ActiveCfg = Debug|Any CPU
		{F0358C30-B7BC-4BC4-9691-CE5AB637A44C}.Debug|x86.Build.0 = Debug|Any CPU
		{F0358C30-B7BC-4BC4-9691-CE5AB637A44C}.Release|Any CPU.ActiveCfg = Release|Any CPU
		{F0358C30-B7BC-4BC4-9691-CE5AB637A44C}.Release|Any CPU.Build.0 = Release|Any CPU
		{F0358C30-B7BC-4BC4-9691-CE5AB637A44C}.Release|x64.ActiveCfg = Release|Any CPU
		{F0358C30-B7BC-4BC4-9691-CE5AB637A44C}.Release|x64.Build.0 = Release|Any CPU
		{F0358C30-B7BC-4BC4-9691-CE5AB637A44C}.Release|x86.ActiveCfg = Release|Any CPU
		{F0358C30-B7BC-4BC4-9691-CE5AB637A44C}.Release|x86.Build.0 = Release|Any CPU
	EndGlobalSection
EndGlobal
