
Microsoft Visual Studio Solution File, Format Version 12.00
# Visual Studio Version 17
VisualStudioVersion = 17.0.31903.59
MinimumVisualStudioVersion = 10.0.40219.1
Project("{2150E333-8FDC-42A3-9474-1A3956D46DE8}") = "src", "src", "{B9BF2FF1-18FF-42D6-9E9E-DF12C6A755DA}"
EndProject
Project("{FAE04EC0-301F-11D3-BF4B-00C04F79EFBC}") = "Agree.Accord.Domain", "src\Agree.Accord.Domain\Agree.Accord.Domain.csproj", "{9DF7F5BC-4751-4F91-8CD9-BC268A9AF0B1}"
EndProject
Project("{FAE04EC0-301F-11D3-BF4B-00C04F79EFBC}") = "Agree.Accord.Infrastructure.Data", "src\Agree.Accord.Infrastructure.Data\Agree.Accord.Infrastructure.Data.csproj", "{54423EB9-FE83-4A0A-9AF7-651DC6ED01E6}"
EndProject
Project("{FAE04EC0-301F-11D3-BF4B-00C04F79EFBC}") = "Agree.Accord.Infrastructure.IoC", "src\Agree.Accord.Infrastructure.IoC\Agree.Accord.Infrastructure.IoC.csproj", "{3BA05057-1E62-4ACE-83BB-189F0A4ECC90}"
EndProject
Project("{FAE04EC0-301F-11D3-BF4B-00C04F79EFBC}") = "Agree.Accord.Infrastructure", "src\Agree.Accord.Infrastructure\Agree.Accord.Infrastructure.csproj", "{847B4AE6-A3AE-40BD-B672-B3957B23D85A}"
EndProject
Project("{FAE04EC0-301F-11D3-BF4B-00C04F79EFBC}") = "Agree.Accord.Presentation", "src\Agree.Accord.Presentation\Agree.Accord.Presentation.csproj", "{444CF920-DEFE-4686-B03A-43D3F5704AF3}"
EndProject
Project("{FAE04EC0-301F-11D3-BF4B-00C04F79EFBC}") = "Agree.Accord.SharedKernel", "src\Agree.Accord.SharedKernel\Agree.Accord.SharedKernel.csproj", "{C1E16AB6-A3A0-4D41-9D8F-F76FE8C440B3}"
EndProject
Project("{2150E333-8FDC-42A3-9474-1A3956D46DE8}") = "test", "test", "{DA194CB8-CD1E-42CE-B4CE-FAE7F5CB43C6}"
EndProject
Project("{FAE04EC0-301F-11D3-BF4B-00C04F79EFBC}") = "Agree.Accord.Domain.Test", "test\Agree.Accord.Domain.Test\Agree.Accord.Domain.Test.csproj", "{CFFE9913-8445-4182-B8F1-9651C9CF55E6}"
EndProject
Global
	GlobalSection(SolutionConfigurationPlatforms) = preSolution
		Debug|Any CPU = Debug|Any CPU
		Release|Any CPU = Release|Any CPU
	EndGlobalSection
	GlobalSection(SolutionProperties) = preSolution
		HideSolutionNode = FALSE
	EndGlobalSection
	GlobalSection(ProjectConfigurationPlatforms) = postSolution
		{9DF7F5BC-4751-4F91-8CD9-BC268A9AF0B1}.Debug|Any CPU.ActiveCfg = Debug|Any CPU
		{9DF7F5BC-4751-4F91-8CD9-BC268A9AF0B1}.Debug|Any CPU.Build.0 = Debug|Any CPU
		{9DF7F5BC-4751-4F91-8CD9-BC268A9AF0B1}.Release|Any CPU.ActiveCfg = Release|Any CPU
		{9DF7F5BC-4751-4F91-8CD9-BC268A9AF0B1}.Release|Any CPU.Build.0 = Release|Any CPU
		{54423EB9-FE83-4A0A-9AF7-651DC6ED01E6}.Debug|Any CPU.ActiveCfg = Debug|Any CPU
		{54423EB9-FE83-4A0A-9AF7-651DC6ED01E6}.Debug|Any CPU.Build.0 = Debug|Any CPU
		{54423EB9-FE83-4A0A-9AF7-651DC6ED01E6}.Release|Any CPU.ActiveCfg = Release|Any CPU
		{54423EB9-FE83-4A0A-9AF7-651DC6ED01E6}.Release|Any CPU.Build.0 = Release|Any CPU
		{3BA05057-1E62-4ACE-83BB-189F0A4ECC90}.Debug|Any CPU.ActiveCfg = Debug|Any CPU
		{3BA05057-1E62-4ACE-83BB-189F0A4ECC90}.Debug|Any CPU.Build.0 = Debug|Any CPU
		{3BA05057-1E62-4ACE-83BB-189F0A4ECC90}.Release|Any CPU.ActiveCfg = Release|Any CPU
		{3BA05057-1E62-4ACE-83BB-189F0A4ECC90}.Release|Any CPU.Build.0 = Release|Any CPU
		{847B4AE6-A3AE-40BD-B672-B3957B23D85A}.Debug|Any CPU.ActiveCfg = Debug|Any CPU
		{847B4AE6-A3AE-40BD-B672-B3957B23D85A}.Debug|Any CPU.Build.0 = Debug|Any CPU
		{847B4AE6-A3AE-40BD-B672-B3957B23D85A}.Release|Any CPU.ActiveCfg = Release|Any CPU
		{847B4AE6-A3AE-40BD-B672-B3957B23D85A}.Release|Any CPU.Build.0 = Release|Any CPU
		{444CF920-DEFE-4686-B03A-43D3F5704AF3}.Debug|Any CPU.ActiveCfg = Debug|Any CPU
		{444CF920-DEFE-4686-B03A-43D3F5704AF3}.Debug|Any CPU.Build.0 = Debug|Any CPU
		{444CF920-DEFE-4686-B03A-43D3F5704AF3}.Release|Any CPU.ActiveCfg = Release|Any CPU
		{444CF920-DEFE-4686-B03A-43D3F5704AF3}.Release|Any CPU.Build.0 = Release|Any CPU
		{C1E16AB6-A3A0-4D41-9D8F-F76FE8C440B3}.Debug|Any CPU.ActiveCfg = Debug|Any CPU
		{C1E16AB6-A3A0-4D41-9D8F-F76FE8C440B3}.Debug|Any CPU.Build.0 = Debug|Any CPU
		{C1E16AB6-A3A0-4D41-9D8F-F76FE8C440B3}.Release|Any CPU.ActiveCfg = Release|Any CPU
		{C1E16AB6-A3A0-4D41-9D8F-F76FE8C440B3}.Release|Any CPU.Build.0 = Release|Any CPU
		{CFFE9913-8445-4182-B8F1-9651C9CF55E6}.Debug|Any CPU.ActiveCfg = Debug|Any CPU
		{CFFE9913-8445-4182-B8F1-9651C9CF55E6}.Debug|Any CPU.Build.0 = Debug|Any CPU
		{CFFE9913-8445-4182-B8F1-9651C9CF55E6}.Release|Any CPU.ActiveCfg = Release|Any CPU
		{CFFE9913-8445-4182-B8F1-9651C9CF55E6}.Release|Any CPU.Build.0 = Release|Any CPU
	EndGlobalSection
	GlobalSection(NestedProjects) = preSolution
		{9DF7F5BC-4751-4F91-8CD9-BC268A9AF0B1} = {B9BF2FF1-18FF-42D6-9E9E-DF12C6A755DA}
		{54423EB9-FE83-4A0A-9AF7-651DC6ED01E6} = {B9BF2FF1-18FF-42D6-9E9E-DF12C6A755DA}
		{3BA05057-1E62-4ACE-83BB-189F0A4ECC90} = {B9BF2FF1-18FF-42D6-9E9E-DF12C6A755DA}
		{847B4AE6-A3AE-40BD-B672-B3957B23D85A} = {B9BF2FF1-18FF-42D6-9E9E-DF12C6A755DA}
		{444CF920-DEFE-4686-B03A-43D3F5704AF3} = {B9BF2FF1-18FF-42D6-9E9E-DF12C6A755DA}
		{C1E16AB6-A3A0-4D41-9D8F-F76FE8C440B3} = {B9BF2FF1-18FF-42D6-9E9E-DF12C6A755DA}
		{CFFE9913-8445-4182-B8F1-9651C9CF55E6} = {DA194CB8-CD1E-42CE-B4CE-FAE7F5CB43C6}
	EndGlobalSection
EndGlobal
