
Microsoft Visual Studio Solution File, Format Version 12.00
# Visual Studio Version 16
VisualStudioVersion = 16.6.30114.105
MinimumVisualStudioVersion = 10.0.40219.1
Project("{FAE04EC0-301F-11D3-BF4B-00C04F79EFBC}") = "Agree.Allow.Infrastructure", "Agree.Allow.Infrastructure\Agree.Allow.Infrastructure.csproj", "{DAAEA81C-7814-4751-B75D-779019606567}"
EndProject
Project("{FAE04EC0-301F-11D3-BF4B-00C04F79EFBC}") = "Agree.Allow.Infrastructure.Data", "Agree.Allow.Infrastructure.Data\Agree.Allow.Infrastructure.Data.csproj", "{9ADAA286-4BB6-442F-9779-E2BA630690DD}"
EndProject
Project("{FAE04EC0-301F-11D3-BF4B-00C04F79EFBC}") = "Agree.Allow.Infrastructure.IoC", "Agree.Allow.Infrastructure.IoC\Agree.Allow.Infrastructure.IoC.csproj", "{C6E1F771-A5E1-4418-AB44-4DF4885C54E9}"
EndProject
Project("{FAE04EC0-301F-11D3-BF4B-00C04F79EFBC}") = "Agree.Allow.Presentation", "Agree.Allow.Presentation\Agree.Allow.Presentation.csproj", "{61EB2FD7-ADDF-4463-9034-3A9F2F633899}"
EndProject
Project("{FAE04EC0-301F-11D3-BF4B-00C04F79EFBC}") = "Agree.Allow.Domain", "Agree.Allow.Domain\Agree.Allow.Domain.csproj", "{A4438B0D-FC8B-4841-AC14-29252E58758C}"
EndProject
Global
	GlobalSection(SolutionProperties) = preSolution
		HideSolutionNode = FALSE
	EndGlobalSection
	GlobalSection(SolutionConfigurationPlatforms) = preSolution
		Debug|Any CPU = Debug|Any CPU
		Debug|x64 = Debug|x64
		Debug|x86 = Debug|x86
		Release|Any CPU = Release|Any CPU
		Release|x64 = Release|x64
		Release|x86 = Release|x86
	EndGlobalSection
	GlobalSection(ProjectConfigurationPlatforms) = postSolution
		{0FB3DBE8-5960-4283-9937-48EB73EAE926}.Debug|Any CPU.ActiveCfg = Debug|Any CPU
		{0FB3DBE8-5960-4283-9937-48EB73EAE926}.Debug|Any CPU.Build.0 = Debug|Any CPU
		{0FB3DBE8-5960-4283-9937-48EB73EAE926}.Debug|x64.ActiveCfg = Debug|Any CPU
		{0FB3DBE8-5960-4283-9937-48EB73EAE926}.Debug|x64.Build.0 = Debug|Any CPU
		{0FB3DBE8-5960-4283-9937-48EB73EAE926}.Debug|x86.ActiveCfg = Debug|Any CPU
		{0FB3DBE8-5960-4283-9937-48EB73EAE926}.Debug|x86.Build.0 = Debug|Any CPU
		{0FB3DBE8-5960-4283-9937-48EB73EAE926}.Release|Any CPU.ActiveCfg = Release|Any CPU
		{0FB3DBE8-5960-4283-9937-48EB73EAE926}.Release|Any CPU.Build.0 = Release|Any CPU
		{0FB3DBE8-5960-4283-9937-48EB73EAE926}.Release|x64.ActiveCfg = Release|Any CPU
		{0FB3DBE8-5960-4283-9937-48EB73EAE926}.Release|x64.Build.0 = Release|Any CPU
		{0FB3DBE8-5960-4283-9937-48EB73EAE926}.Release|x86.ActiveCfg = Release|Any CPU
		{0FB3DBE8-5960-4283-9937-48EB73EAE926}.Release|x86.Build.0 = Release|Any CPU
		{DAAEA81C-7814-4751-B75D-779019606567}.Debug|Any CPU.ActiveCfg = Debug|Any CPU
		{DAAEA81C-7814-4751-B75D-779019606567}.Debug|Any CPU.Build.0 = Debug|Any CPU
		{DAAEA81C-7814-4751-B75D-779019606567}.Debug|x64.ActiveCfg = Debug|Any CPU
		{DAAEA81C-7814-4751-B75D-779019606567}.Debug|x64.Build.0 = Debug|Any CPU
		{DAAEA81C-7814-4751-B75D-779019606567}.Debug|x86.ActiveCfg = Debug|Any CPU
		{DAAEA81C-7814-4751-B75D-779019606567}.Debug|x86.Build.0 = Debug|Any CPU
		{DAAEA81C-7814-4751-B75D-779019606567}.Release|Any CPU.ActiveCfg = Release|Any CPU
		{DAAEA81C-7814-4751-B75D-779019606567}.Release|Any CPU.Build.0 = Release|Any CPU
		{DAAEA81C-7814-4751-B75D-779019606567}.Release|x64.ActiveCfg = Release|Any CPU
		{DAAEA81C-7814-4751-B75D-779019606567}.Release|x64.Build.0 = Release|Any CPU
		{DAAEA81C-7814-4751-B75D-779019606567}.Release|x86.ActiveCfg = Release|Any CPU
		{DAAEA81C-7814-4751-B75D-779019606567}.Release|x86.Build.0 = Release|Any CPU
		{9ADAA286-4BB6-442F-9779-E2BA630690DD}.Debug|Any CPU.ActiveCfg = Debug|Any CPU
		{9ADAA286-4BB6-442F-9779-E2BA630690DD}.Debug|Any CPU.Build.0 = Debug|Any CPU
		{9ADAA286-4BB6-442F-9779-E2BA630690DD}.Debug|x64.ActiveCfg = Debug|Any CPU
		{9ADAA286-4BB6-442F-9779-E2BA630690DD}.Debug|x64.Build.0 = Debug|Any CPU
		{9ADAA286-4BB6-442F-9779-E2BA630690DD}.Debug|x86.ActiveCfg = Debug|Any CPU
		{9ADAA286-4BB6-442F-9779-E2BA630690DD}.Debug|x86.Build.0 = Debug|Any CPU
		{9ADAA286-4BB6-442F-9779-E2BA630690DD}.Release|Any CPU.ActiveCfg = Release|Any CPU
		{9ADAA286-4BB6-442F-9779-E2BA630690DD}.Release|Any CPU.Build.0 = Release|Any CPU
		{9ADAA286-4BB6-442F-9779-E2BA630690DD}.Release|x64.ActiveCfg = Release|Any CPU
		{9ADAA286-4BB6-442F-9779-E2BA630690DD}.Release|x64.Build.0 = Release|Any CPU
		{9ADAA286-4BB6-442F-9779-E2BA630690DD}.Release|x86.ActiveCfg = Release|Any CPU
		{9ADAA286-4BB6-442F-9779-E2BA630690DD}.Release|x86.Build.0 = Release|Any CPU
		{C6E1F771-A5E1-4418-AB44-4DF4885C54E9}.Debug|Any CPU.ActiveCfg = Debug|Any CPU
		{C6E1F771-A5E1-4418-AB44-4DF4885C54E9}.Debug|Any CPU.Build.0 = Debug|Any CPU
		{C6E1F771-A5E1-4418-AB44-4DF4885C54E9}.Debug|x64.ActiveCfg = Debug|Any CPU
		{C6E1F771-A5E1-4418-AB44-4DF4885C54E9}.Debug|x64.Build.0 = Debug|Any CPU
		{C6E1F771-A5E1-4418-AB44-4DF4885C54E9}.Debug|x86.ActiveCfg = Debug|Any CPU
		{C6E1F771-A5E1-4418-AB44-4DF4885C54E9}.Debug|x86.Build.0 = Debug|Any CPU
		{C6E1F771-A5E1-4418-AB44-4DF4885C54E9}.Release|Any CPU.ActiveCfg = Release|Any CPU
		{C6E1F771-A5E1-4418-AB44-4DF4885C54E9}.Release|Any CPU.Build.0 = Release|Any CPU
		{C6E1F771-A5E1-4418-AB44-4DF4885C54E9}.Release|x64.ActiveCfg = Release|Any CPU
		{C6E1F771-A5E1-4418-AB44-4DF4885C54E9}.Release|x64.Build.0 = Release|Any CPU
		{C6E1F771-A5E1-4418-AB44-4DF4885C54E9}.Release|x86.ActiveCfg = Release|Any CPU
		{C6E1F771-A5E1-4418-AB44-4DF4885C54E9}.Release|x86.Build.0 = Release|Any CPU
		{61EB2FD7-ADDF-4463-9034-3A9F2F633899}.Debug|Any CPU.ActiveCfg = Debug|Any CPU
		{61EB2FD7-ADDF-4463-9034-3A9F2F633899}.Debug|Any CPU.Build.0 = Debug|Any CPU
		{61EB2FD7-ADDF-4463-9034-3A9F2F633899}.Debug|x64.ActiveCfg = Debug|Any CPU
		{61EB2FD7-ADDF-4463-9034-3A9F2F633899}.Debug|x64.Build.0 = Debug|Any CPU
		{61EB2FD7-ADDF-4463-9034-3A9F2F633899}.Debug|x86.ActiveCfg = Debug|Any CPU
		{61EB2FD7-ADDF-4463-9034-3A9F2F633899}.Debug|x86.Build.0 = Debug|Any CPU
		{61EB2FD7-ADDF-4463-9034-3A9F2F633899}.Release|Any CPU.ActiveCfg = Release|Any CPU
		{61EB2FD7-ADDF-4463-9034-3A9F2F633899}.Release|Any CPU.Build.0 = Release|Any CPU
		{61EB2FD7-ADDF-4463-9034-3A9F2F633899}.Release|x64.ActiveCfg = Release|Any CPU
		{61EB2FD7-ADDF-4463-9034-3A9F2F633899}.Release|x64.Build.0 = Release|Any CPU
		{61EB2FD7-ADDF-4463-9034-3A9F2F633899}.Release|x86.ActiveCfg = Release|Any CPU
		{61EB2FD7-ADDF-4463-9034-3A9F2F633899}.Release|x86.Build.0 = Release|Any CPU
		{A4438B0D-FC8B-4841-AC14-29252E58758C}.Debug|Any CPU.ActiveCfg = Debug|Any CPU
		{A4438B0D-FC8B-4841-AC14-29252E58758C}.Debug|Any CPU.Build.0 = Debug|Any CPU
		{A4438B0D-FC8B-4841-AC14-29252E58758C}.Debug|x64.ActiveCfg = Debug|Any CPU
		{A4438B0D-FC8B-4841-AC14-29252E58758C}.Debug|x64.Build.0 = Debug|Any CPU
		{A4438B0D-FC8B-4841-AC14-29252E58758C}.Debug|x86.ActiveCfg = Debug|Any CPU
		{A4438B0D-FC8B-4841-AC14-29252E58758C}.Debug|x86.Build.0 = Debug|Any CPU
		{A4438B0D-FC8B-4841-AC14-29252E58758C}.Release|Any CPU.ActiveCfg = Release|Any CPU
		{A4438B0D-FC8B-4841-AC14-29252E58758C}.Release|Any CPU.Build.0 = Release|Any CPU
		{A4438B0D-FC8B-4841-AC14-29252E58758C}.Release|x64.ActiveCfg = Release|Any CPU
		{A4438B0D-FC8B-4841-AC14-29252E58758C}.Release|x64.Build.0 = Release|Any CPU
		{A4438B0D-FC8B-4841-AC14-29252E58758C}.Release|x86.ActiveCfg = Release|Any CPU
		{A4438B0D-FC8B-4841-AC14-29252E58758C}.Release|x86.Build.0 = Release|Any CPU
	EndGlobalSection
EndGlobal
